{
  "version": 4,
  "terraform_version": "1.9.8",
  "serial": 144,
  "lineage": "d33012aa-e2b5-e1fc-7db8-5aa571b6c48c",
  "outputs": {},
  "resources": [
    {
      "mode": "managed",
      "type": "aws_key_pair",
      "name": "udemy-keypair",
      "provider": "provider[\"registry.terraform.io/hashicorp/aws\"]",
      "instances": [
        {
          "schema_version": 1,
          "attributes": {
            "arn": "arn:aws:ec2:us-east-1:693866038019:key-pair/udemy-keypair",
            "fingerprint": "94:8f:16:ae:da:1f:3f:75:6f:3c:23:c2:3a:de:00:a2",
            "id": "udemy-keypair",
            "key_name": "udemy-keypair",
            "key_name_prefix": "",
            "key_pair_id": "key-0289b8a3c4a6dd00f",
            "key_type": "rsa",
            "public_key": "ssh-rsa AAAAB3NzaC1yc2EAAAADAQABAAABAQCuSmJDaiRZo7wFxVHknGPOnNTOj4HS78p811+HofX7RMW+fVqKhEBPkVNervQ84e3qql5DsYccTr+sff9mOhO+nwsj/sOYX1Q+0wM36r4MzNea1RvVVg3NeQNuQzYhSkCqsQdDna3GIj2TVXw3Nqr31JhVlyqcbCzkNTheL6HKFr+Ewfw6rCcdg0e60TMiGgC3mFyDQ7sFkXcHRsCrZdctJUOHneSnq7h/NSygG/CXhNOmJJihhGuE6lafLoLlxDDTObgmN2gmRidPkLyRJvXMGmlkD9i8v9nkMLZk654F6QG+TAUkWLdcGovwcAJ8d5VkQx4akd81LY19IXawJpyR",
            "tags": {},
            "tags_all": {}
          },
          "sensitive_attributes": [],
          "private": "eyJzY2hlbWFfdmVyc2lvbiI6IjEifQ==",
          "dependencies": [
            "tls_private_key.key"
          ]
        }
      ]
    },
    {
      "mode": "managed",
      "type": "local_sensitive_file",
      "name": "private_key",
      "provider": "provider[\"registry.terraform.io/hashicorp/local\"]",
      "instances": [
        {
          "schema_version": 0,
          "attributes": {
            "content": "-----BEGIN RSA PRIVATE KEY-----\nMIIEogIBAAKCAQEArkpiQ2okWaO8BcVR5JxjzpzUzo+B0u/KfNdfh6H1+0TFvn1a\nioRAT5FTXq70POHt6qpeQ7GHHE6/rH3/ZjoTvp8LI/7DmF9UPtMDN+q+DMzXmtUb\n1VYNzXkDbkM2IUpAqrEHQ52txiI9k1V8Nzaq99SYVZcqnGws5DU4Xi+hyha/hMH8\nOqwnHYNHutEzIhoAt5hcg0O7BZF3B0bAq2XXLSVDh53kp6u4fzUsoBvwl4TTpiSY\noYRrhOpWny6C5cQw0zm4JjdoJkYnT5C8kSb1zBppZA/YvL/Z5DC2ZOueBekBvkwF\nJFi3XBqL8HACfHeVZEMeGpHfNS2NfSF2sCackQIDAQABAoIBAHJbmhfzuAAc/8yl\niLNArfguTS9vV9aIwcqiIitDaLvChyES7OqAFhZfG12/279q2omj2Y//FtDLFtbe\nIUr5BmWHw26Nxdbfjc5e8/injKWnbjxIYifbe9j68vZRIV48cyvMViDWf+PGKbLX\nX1Z3BzzvgDiApFPYYqgmB2M9S6Hlr6SoU0LlKNw8zhsUpRx6yQCJ6Dw0Saahz1IG\nViGg6uM9I7uKrbFA/W67Yqw8e0j263K87KtZvb4j1TGPcy+gks5SJlhasC9syjpZ\ndlTZXHSR7MJmnDeihnHzZSdjtfwsiUIPFWCGQii2anTRulFMzYE13W297jdkdHo2\npGZrYBUCgYEA3bxTjAIObekcoHDr2tpn5oASjYt/06GXoOYOk7FQNE+CtT0cYxkI\naeDvomK2xJ9LPf6wHBmSl6XXdWzuRFB8mvZ0kRwztkjWuLzDhwsWlVp6KTCQ4h1r\nTMhwZd3P0SDVE4oHC5xjxU0ueGEPT4To5ZkEzTT9ZxLOk3b9RqI0oNsCgYEAyTkr\nkJsnSHOrUsUGSJkjXjPERDNWWedYg0o11cjKXWtD2BpB6r3KU8UBVgTwTGacWSPu\ncDrSj2D48F55fMiD/dCAIyYJYgqy4SaZ701Uk5Vir2txfkMVq+PteFhVfHEjo4ih\n38kBWq068H5R/lYVfVPJiYiJ8zAmJZGalA1yTgMCgYAskNFp7m/f/15VkNyWnBcN\n6OfRsxv5+Rx0pkh/vr+UA/cNXj76W+mo/iCrzpNVaX7B8xKKU0l3WUm4vDAXYuXo\nb2h2UejC1ljxwF68IapkUk8DQFOeXrNWN2L/1lkSezrYNoG7/6691QlmAHwHS3tT\nyjGA3QmhUdJbKSs2qxtQyQKBgB+Y5Zlgc6ux1h46KAFwYphhQpl/Ajk91a1QEuIO\nFJDUziN6BA3LXaEH12zde6pTlot80+01n2i6TnzYKPWKOwe5HNXoHCMUEQC/4f4s\nw3IlTAjFs12jRRznvpteK5ZN4c3FH74XPyow94daHp/0fo1egdAh65+PWP4fPgmv\njtpnAoGASIxtI5NfplaSXYTj2S4Df2zU0dfIoAj1EtZ/vdh+FOvnsDJHpDOmH8Le\nJGqMxr9ccly2QQBUiqskyARUabDJ5rmoKrxeCcgJcewD2jxqiCPdfy6wbtnEuxR7\ns1t33y0nf4G1r8EOBBSTLXWEIOLNG3JcLUz2NKu4a/XtYT/9JLA=\n-----END RSA PRIVATE KEY-----\n",
            "content_base64": null,
            "content_base64sha256": "HxH3TB5WLQUWOaUIoEW+mUsRj9dICVRAJLXE7vKXk5U=",
            "content_base64sha512": "cv7/lJoaOE8Wai3ChUrIk8fmaamj96HYYtzhXeLxPfrFiHqaltJLzUHGn2IKCRcSMyJfO+D1hgp85IiX7COpPg==",
            "content_md5": "3e604540413a962dd88fc50c55ddd5ca",
            "content_sha1": "a158a49d951f913f840cee3584132ac5e4681a2f",
            "content_sha256": "1f11f74c1e562d051639a508a045be994b118fd74809544024b5c4eef2979395",
            "content_sha512": "72feff949a1a384f166a2dc2854ac893c7e669a9a3f7a1d862dce15de2f13dfac5887a9a96d24bcd41c69f620a09171233225f3be0f5860a7ce48897ec23a93e",
            "directory_permission": "0700",
            "file_permission": "0400",
            "filename": "udemy-key.pem",
            "id": "a158a49d951f913f840cee3584132ac5e4681a2f",
            "source": null
          },
          "sensitive_attributes": [
            [
              {
                "type": "get_attr",
                "value": "content_base64"
              }
            ],
            [
              {
                "type": "get_attr",
                "value": "content"
              }
            ]
          ],
          "dependencies": [
            "tls_private_key.key"
          ]
        }
      ]
    },
    {
      "mode": "managed",
      "type": "tls_private_key",
      "name": "key",
      "provider": "provider[\"registry.terraform.io/hashicorp/tls\"]",
      "instances": [
        {
          "schema_version": 1,
          "attributes": {
            "algorithm": "RSA",
            "ecdsa_curve": "P224",
            "id": "c7dd4f42c0c0fe129f9adf7c5360280acc953e8f",
            "private_key_openssh": "-----BEGIN OPENSSH PRIVATE KEY-----\nb3BlbnNzaC1rZXktdjEAAAAABG5vbmUAAAAEbm9uZQAAAAAAAAABAAABFwAAAAdz\nc2gtcnNhAAAAAwEAAQAAAQEArkpiQ2okWaO8BcVR5JxjzpzUzo+B0u/KfNdfh6H1\n+0TFvn1aioRAT5FTXq70POHt6qpeQ7GHHE6/rH3/ZjoTvp8LI/7DmF9UPtMDN+q+\nDMzXmtUb1VYNzXkDbkM2IUpAqrEHQ52txiI9k1V8Nzaq99SYVZcqnGws5DU4Xi+h\nyha/hMH8OqwnHYNHutEzIhoAt5hcg0O7BZF3B0bAq2XXLSVDh53kp6u4fzUsoBvw\nl4TTpiSYoYRrhOpWny6C5cQw0zm4JjdoJkYnT5C8kSb1zBppZA/YvL/Z5DC2ZOue\nBekBvkwFJFi3XBqL8HACfHeVZEMeGpHfNS2NfSF2sCackQAAA7hyCHbacgh22gAA\nAAdzc2gtcnNhAAABAQCuSmJDaiRZo7wFxVHknGPOnNTOj4HS78p811+HofX7RMW+\nfVqKhEBPkVNervQ84e3qql5DsYccTr+sff9mOhO+nwsj/sOYX1Q+0wM36r4MzNea\n1RvVVg3NeQNuQzYhSkCqsQdDna3GIj2TVXw3Nqr31JhVlyqcbCzkNTheL6HKFr+E\nwfw6rCcdg0e60TMiGgC3mFyDQ7sFkXcHRsCrZdctJUOHneSnq7h/NSygG/CXhNOm\nJJihhGuE6lafLoLlxDDTObgmN2gmRidPkLyRJvXMGmlkD9i8v9nkMLZk654F6QG+\nTAUkWLdcGovwcAJ8d5VkQx4akd81LY19IXawJpyRAAAAAwEAAQAAAQByW5oX87gA\nHP/MpYizQK34Lk0vb1fWiMHKoiIrQ2i7wochEuzqgBYWXxtdv9u/atqJo9mP/xbQ\nyxbW3iFK+QZlh8NujcXW343OXvP4p4ylp248SGIn23vY+vL2USFePHMrzFYg1n/j\nximy119Wdwc874A4gKRT2GKoJgdjPUuh5a+kqFNC5SjcPM4bFKUceskAieg8NEmm\noc9SBlYhoOrjPSO7iq2xQP1uu2KsPHtI9utyvOyrWb2+I9Uxj3MvoJLOUiZYWrAv\nbMo6WXZU2Vx0kezCZpw3ooZx82UnY7X8LIlCDxVghkIotmp00bpRTM2BNd1tve43\nZHR6NqRma2AVAAAAgEiMbSOTX6ZWkl2E49kuA39s1NHXyKAI9RLWf73YfhTr57Ay\nR6Qzph/C3iRqjMa/XHJctkEAVIqrJMgEVGmwyea5qCq8XgnICXHsA9o8aogj3X8u\nsG7ZxLsUe7Nbd98tJ3+Bta/BDgQUky11hCDizRtyXC1M9jSruGv17WE//SSwAAAA\ngQDdvFOMAg5t6RygcOva2mfmgBKNi3/ToZeg5g6TsVA0T4K1PRxjGQhp4O+iYrbE\nn0s9/rAcGZKXpdd1bO5EUHya9nSRHDO2SNa4vMOHCxaVWnopMJDiHWtMyHBl3c/R\nINUTigcLnGPFTS54YQ9PhOjlmQTNNP1nEs6Tdv1GojSg2wAAAIEAyTkrkJsnSHOr\nUsUGSJkjXjPERDNWWedYg0o11cjKXWtD2BpB6r3KU8UBVgTwTGacWSPucDrSj2D4\n8F55fMiD/dCAIyYJYgqy4SaZ701Uk5Vir2txfkMVq+PteFhVfHEjo4ih38kBWq06\n8H5R/lYVfVPJiYiJ8zAmJZGalA1yTgMAAAAAAQID\n-----END OPENSSH PRIVATE KEY-----\n",
            "private_key_pem": "-----BEGIN RSA PRIVATE KEY-----\nMIIEogIBAAKCAQEArkpiQ2okWaO8BcVR5JxjzpzUzo+B0u/KfNdfh6H1+0TFvn1a\nioRAT5FTXq70POHt6qpeQ7GHHE6/rH3/ZjoTvp8LI/7DmF9UPtMDN+q+DMzXmtUb\n1VYNzXkDbkM2IUpAqrEHQ52txiI9k1V8Nzaq99SYVZcqnGws5DU4Xi+hyha/hMH8\nOqwnHYNHutEzIhoAt5hcg0O7BZF3B0bAq2XXLSVDh53kp6u4fzUsoBvwl4TTpiSY\noYRrhOpWny6C5cQw0zm4JjdoJkYnT5C8kSb1zBppZA/YvL/Z5DC2ZOueBekBvkwF\nJFi3XBqL8HACfHeVZEMeGpHfNS2NfSF2sCackQIDAQABAoIBAHJbmhfzuAAc/8yl\niLNArfguTS9vV9aIwcqiIitDaLvChyES7OqAFhZfG12/279q2omj2Y//FtDLFtbe\nIUr5BmWHw26Nxdbfjc5e8/injKWnbjxIYifbe9j68vZRIV48cyvMViDWf+PGKbLX\nX1Z3BzzvgDiApFPYYqgmB2M9S6Hlr6SoU0LlKNw8zhsUpRx6yQCJ6Dw0Saahz1IG\nViGg6uM9I7uKrbFA/W67Yqw8e0j263K87KtZvb4j1TGPcy+gks5SJlhasC9syjpZ\ndlTZXHSR7MJmnDeihnHzZSdjtfwsiUIPFWCGQii2anTRulFMzYE13W297jdkdHo2\npGZrYBUCgYEA3bxTjAIObekcoHDr2tpn5oASjYt/06GXoOYOk7FQNE+CtT0cYxkI\naeDvomK2xJ9LPf6wHBmSl6XXdWzuRFB8mvZ0kRwztkjWuLzDhwsWlVp6KTCQ4h1r\nTMhwZd3P0SDVE4oHC5xjxU0ueGEPT4To5ZkEzTT9ZxLOk3b9RqI0oNsCgYEAyTkr\nkJsnSHOrUsUGSJkjXjPERDNWWedYg0o11cjKXWtD2BpB6r3KU8UBVgTwTGacWSPu\ncDrSj2D48F55fMiD/dCAIyYJYgqy4SaZ701Uk5Vir2txfkMVq+PteFhVfHEjo4ih\n38kBWq068H5R/lYVfVPJiYiJ8zAmJZGalA1yTgMCgYAskNFp7m/f/15VkNyWnBcN\n6OfRsxv5+Rx0pkh/vr+UA/cNXj76W+mo/iCrzpNVaX7B8xKKU0l3WUm4vDAXYuXo\nb2h2UejC1ljxwF68IapkUk8DQFOeXrNWN2L/1lkSezrYNoG7/6691QlmAHwHS3tT\nyjGA3QmhUdJbKSs2qxtQyQKBgB+Y5Zlgc6ux1h46KAFwYphhQpl/Ajk91a1QEuIO\nFJDUziN6BA3LXaEH12zde6pTlot80+01n2i6TnzYKPWKOwe5HNXoHCMUEQC/4f4s\nw3IlTAjFs12jRRznvpteK5ZN4c3FH74XPyow94daHp/0fo1egdAh65+PWP4fPgmv\njtpnAoGASIxtI5NfplaSXYTj2S4Df2zU0dfIoAj1EtZ/vdh+FOvnsDJHpDOmH8Le\nJGqMxr9ccly2QQBUiqskyARUabDJ5rmoKrxeCcgJcewD2jxqiCPdfy6wbtnEuxR7\ns1t33y0nf4G1r8EOBBSTLXWEIOLNG3JcLUz2NKu4a/XtYT/9JLA=\n-----END RSA PRIVATE KEY-----\n",
            "private_key_pem_pkcs8": "-----BEGIN PRIVATE KEY-----\nMIIEvAIBADANBgkqhkiG9w0BAQEFAASCBKYwggSiAgEAAoIBAQCuSmJDaiRZo7wF\nxVHknGPOnNTOj4HS78p811+HofX7RMW+fVqKhEBPkVNervQ84e3qql5DsYccTr+s\nff9mOhO+nwsj/sOYX1Q+0wM36r4MzNea1RvVVg3NeQNuQzYhSkCqsQdDna3GIj2T\nVXw3Nqr31JhVlyqcbCzkNTheL6HKFr+Ewfw6rCcdg0e60TMiGgC3mFyDQ7sFkXcH\nRsCrZdctJUOHneSnq7h/NSygG/CXhNOmJJihhGuE6lafLoLlxDDTObgmN2gmRidP\nkLyRJvXMGmlkD9i8v9nkMLZk654F6QG+TAUkWLdcGovwcAJ8d5VkQx4akd81LY19\nIXawJpyRAgMBAAECggEAcluaF/O4ABz/zKWIs0Ct+C5NL29X1ojByqIiK0Nou8KH\nIRLs6oAWFl8bXb/bv2raiaPZj/8W0MsW1t4hSvkGZYfDbo3F1t+Nzl7z+KeMpadu\nPEhiJ9t72Pry9lEhXjxzK8xWINZ/48YpstdfVncHPO+AOICkU9hiqCYHYz1LoeWv\npKhTQuUo3DzOGxSlHHrJAInoPDRJpqHPUgZWIaDq4z0ju4qtsUD9brtirDx7SPbr\ncrzsq1m9viPVMY9zL6CSzlImWFqwL2zKOll2VNlcdJHswmacN6KGcfNlJ2O1/CyJ\nQg8VYIZCKLZqdNG6UUzNgTXdbb3uN2R0ejakZmtgFQKBgQDdvFOMAg5t6RygcOva\n2mfmgBKNi3/ToZeg5g6TsVA0T4K1PRxjGQhp4O+iYrbEn0s9/rAcGZKXpdd1bO5E\nUHya9nSRHDO2SNa4vMOHCxaVWnopMJDiHWtMyHBl3c/RINUTigcLnGPFTS54YQ9P\nhOjlmQTNNP1nEs6Tdv1GojSg2wKBgQDJOSuQmydIc6tSxQZImSNeM8REM1ZZ51iD\nSjXVyMpda0PYGkHqvcpTxQFWBPBMZpxZI+5wOtKPYPjwXnl8yIP90IAjJgliCrLh\nJpnvTVSTlWKva3F+QxWr4+14WFV8cSOjiKHfyQFarTrwflH+VhV9U8mJiInzMCYl\nkZqUDXJOAwKBgCyQ0Wnub9//XlWQ3JacFw3o59GzG/n5HHSmSH++v5QD9w1ePvpb\n6aj+IKvOk1VpfsHzEopTSXdZSbi8MBdi5ehvaHZR6MLWWPHAXrwhqmRSTwNAU55e\ns1Y3Yv/WWRJ7Otg2gbv/rr3VCWYAfAdLe1PKMYDdCaFR0lspKzarG1DJAoGAH5jl\nmWBzq7HWHjooAXBimGFCmX8COT3VrVAS4g4UkNTOI3oEDctdoQfXbN17qlOWi3zT\n7TWfaLpOfNgo9Yo7B7kc1egcIxQRAL/h/izDciVMCMWzXaNFHOe+m14rlk3hzcUf\nvhc/KjD3h1oen/R+jV6B0CHrn49Y/h8+Ca+O2mcCgYBIjG0jk1+mVpJdhOPZLgN/\nbNTR18igCPUS1n+92H4U6+ewMkekM6Yfwt4kaozGv1xyXLZBAFSKqyTIBFRpsMnm\nuagqvF4JyAlx7APaPGqII91/LrBu2cS7FHuzW3ffLSd/gbWvwQ4EFJMtdYQg4s0b\nclwtTPY0q7hr9e1hP/0ksA==\n-----END PRIVATE KEY-----\n",
            "public_key_fingerprint_md5": "be:6d:27:be:f1:22:03:ea:95:bb:31:95:74:3c:99:2b",
            "public_key_fingerprint_sha256": "SHA256:Z7Ul3JREcV05kDJIEAwB1JCDceb8R/mFKyJMF3wrFrU",
            "public_key_openssh": "ssh-rsa AAAAB3NzaC1yc2EAAAADAQABAAABAQCuSmJDaiRZo7wFxVHknGPOnNTOj4HS78p811+HofX7RMW+fVqKhEBPkVNervQ84e3qql5DsYccTr+sff9mOhO+nwsj/sOYX1Q+0wM36r4MzNea1RvVVg3NeQNuQzYhSkCqsQdDna3GIj2TVXw3Nqr31JhVlyqcbCzkNTheL6HKFr+Ewfw6rCcdg0e60TMiGgC3mFyDQ7sFkXcHRsCrZdctJUOHneSnq7h/NSygG/CXhNOmJJihhGuE6lafLoLlxDDTObgmN2gmRidPkLyRJvXMGmlkD9i8v9nkMLZk654F6QG+TAUkWLdcGovwcAJ8d5VkQx4akd81LY19IXawJpyR\n",
            "public_key_pem": "-----BEGIN PUBLIC KEY-----\nMIIBIjANBgkqhkiG9w0BAQEFAAOCAQ8AMIIBCgKCAQEArkpiQ2okWaO8BcVR5Jxj\nzpzUzo+B0u/KfNdfh6H1+0TFvn1aioRAT5FTXq70POHt6qpeQ7GHHE6/rH3/ZjoT\nvp8LI/7DmF9UPtMDN+q+DMzXmtUb1VYNzXkDbkM2IUpAqrEHQ52txiI9k1V8Nzaq\n99SYVZcqnGws5DU4Xi+hyha/hMH8OqwnHYNHutEzIhoAt5hcg0O7BZF3B0bAq2XX\nLSVDh53kp6u4fzUsoBvwl4TTpiSYoYRrhOpWny6C5cQw0zm4JjdoJkYnT5C8kSb1\nzBppZA/YvL/Z5DC2ZOueBekBvkwFJFi3XBqL8HACfHeVZEMeGpHfNS2NfSF2sCac\nkQIDAQAB\n-----END PUBLIC KEY-----\n",
            "rsa_bits": 2048
          },
          "sensitive_attributes": [
            [
              {
                "type": "get_attr",
                "value": "private_key_pem"
              }
            ],
            [
              {
                "type": "get_attr",
                "value": "private_key_pem_pkcs8"
              }
            ],
            [
              {
                "type": "get_attr",
                "value": "private_key_openssh"
              }
            ]
          ]
        }
      ]
    },
    {
      "module": "module.compute",
      "mode": "managed",
      "type": "aws_eip",
      "name": "demo-eip",
      "provider": "provider[\"registry.terraform.io/hashicorp/aws\"]",
      "instances": [
        {
          "schema_version": 0,
          "attributes": {
            "address": null,
            "allocation_id": "eipalloc-04977c2d356aa84af",
            "associate_with_private_ip": null,
            "association_id": "eipassoc-02a06463ba1f05e29",
            "carrier_ip": "",
            "customer_owned_ip": "",
            "customer_owned_ipv4_pool": "",
            "domain": "vpc",
            "id": "eipalloc-04977c2d356aa84af",
            "instance": "i-09060b64ec0b42a9f",
            "network_border_group": "us-east-1",
            "network_interface": "eni-030df326342aa7299",
            "private_dns": "ip-10-0-1-248.ec2.internal",
            "private_ip": "10.0.1.248",
            "public_dns": "ec2-34-197-138-162.compute-1.amazonaws.com",
            "public_ip": "34.197.138.162",
            "public_ipv4_pool": "amazon",
            "tags": {},
            "tags_all": {},
            "timeouts": null,
            "vpc": true
          },
          "sensitive_attributes": [],
          "private": "eyJlMmJmYjczMC1lY2FhLTExZTYtOGY4OC0zNDM2M2JjN2M0YzAiOnsiZGVsZXRlIjoxODAwMDAwMDAwMDAsInJlYWQiOjkwMDAwMDAwMDAwMCwidXBkYXRlIjozMDAwMDAwMDAwMDB9fQ==",
          "dependencies": [
            "aws_key_pair.udemy-keypair",
            "module.compute.aws_instance.web",
            "module.networking.aws_subnet.public_subnet_1",
            "module.networking.aws_subnet.public_subnet_2",
            "module.networking.aws_vpc.my_vpc",
            "module.security.aws_security_group.udemy_demo_public_sg",
            "tls_private_key.key"
          ]
        }
      ]
    },
    {
      "module": "module.compute",
      "mode": "managed",
      "type": "aws_instance",
      "name": "web",
      "provider": "provider[\"registry.terraform.io/hashicorp/aws\"]",
      "instances": [
        {
          "schema_version": 1,
          "attributes": {
            "ami": "ami-06b21ccaeff8cd686",
            "arn": "arn:aws:ec2:us-east-1:693866038019:instance/i-09060b64ec0b42a9f",
            "associate_public_ip_address": true,
            "availability_zone": "us-east-1a",
            "capacity_reservation_specification": [
              {
                "capacity_reservation_preference": "open",
                "capacity_reservation_target": []
              }
            ],
            "cpu_core_count": 1,
            "cpu_options": [
              {
                "amd_sev_snp": "",
                "core_count": 1,
                "threads_per_core": 2
              }
            ],
            "cpu_threads_per_core": 2,
            "credit_specification": [
              {
                "cpu_credits": "unlimited"
              }
            ],
            "disable_api_stop": false,
            "disable_api_termination": false,
            "ebs_block_device": [],
            "ebs_optimized": false,
            "enclave_options": [
              {
                "enabled": false
              }
            ],
            "ephemeral_block_device": [],
            "get_password_data": false,
            "hibernation": false,
            "host_id": "",
            "host_resource_group_arn": null,
            "iam_instance_profile": "",
            "id": "i-09060b64ec0b42a9f",
            "instance_initiated_shutdown_behavior": "stop",
            "instance_state": "running",
            "instance_type": "t3.micro",
            "ipv6_address_count": 0,
            "ipv6_addresses": [],
            "key_name": "udemy-keypair",
            "launch_template": [],
            "maintenance_options": [
              {
                "auto_recovery": "default"
              }
            ],
            "metadata_options": [
              {
                "http_endpoint": "enabled",
                "http_put_response_hop_limit": 2,
                "http_tokens": "required",
                "instance_metadata_tags": "disabled"
              }
            ],
            "monitoring": false,
            "network_interface": [],
            "outpost_arn": "",
            "password_data": "",
            "placement_group": "",
            "placement_partition_number": 0,
            "primary_network_interface_id": "eni-030df326342aa7299",
            "private_dns": "ip-10-0-1-248.ec2.internal",
            "private_dns_name_options": [
              {
                "enable_resource_name_dns_a_record": false,
                "enable_resource_name_dns_aaaa_record": false,
                "hostname_type": "ip-name"
              }
            ],
            "private_ip": "10.0.1.248",
            "public_dns": "ec2-34-197-138-162.compute-1.amazonaws.com",
            "public_ip": "34.197.138.162",
            "root_block_device": [
              {
                "delete_on_termination": true,
                "device_name": "/dev/xvda",
                "encrypted": false,
                "iops": 3000,
                "kms_key_id": "",
                "tags": {},
                "throughput": 125,
                "volume_id": "vol-0b5dd68ef83534376",
                "volume_size": 8,
                "volume_type": "gp3"
              }
            ],
            "secondary_private_ips": [],
            "security_groups": [],
            "source_dest_check": true,
            "subnet_id": "subnet-0eb5711ef1dec2b7b",
            "tags": {
              "Name": "Udemy demo"
            },
            "tags_all": {
              "Name": "Udemy demo"
            },
            "tenancy": "default",
            "timeouts": null,
            "user_data": null,
            "user_data_base64": null,
            "user_data_replace_on_change": false,
            "volume_tags": null,
            "vpc_security_group_ids": [
              "sg-0cbfc63b58e7d20b7"
            ]
          },
          "sensitive_attributes": [],
          "private": "eyJlMmJmYjczMC1lY2FhLTExZTYtOGY4OC0zNDM2M2JjN2M0YzAiOnsiY3JlYXRlIjo2MDAwMDAwMDAwMDAsImRlbGV0ZSI6MTIwMDAwMDAwMDAwMCwidXBkYXRlIjo2MDAwMDAwMDAwMDB9LCJzY2hlbWFfdmVyc2lvbiI6IjEifQ==",
          "dependencies": [
            "aws_key_pair.udemy-keypair",
            "module.networking.aws_subnet.public_subnet_1",
            "module.networking.aws_subnet.public_subnet_2",
            "module.networking.aws_vpc.my_vpc",
            "module.security.aws_security_group.udemy_demo_public_sg",
            "tls_private_key.key"
          ]
        }
      ]
    },
    {
      "module": "module.networking",
      "mode": "managed",
      "type": "aws_eip",
      "name": "nat_eip",
      "provider": "provider[\"registry.terraform.io/hashicorp/aws\"]",
      "instances": [
        {
          "schema_version": 0,
          "attributes": {
            "address": null,
            "allocation_id": "eipalloc-08bcd16f331b29795",
            "associate_with_private_ip": null,
            "association_id": "eipassoc-098bf03ca17e748b5",
            "carrier_ip": "",
            "customer_owned_ip": "",
            "customer_owned_ipv4_pool": "",
            "domain": "vpc",
            "id": "eipalloc-08bcd16f331b29795",
            "instance": "",
            "network_border_group": "us-east-1",
            "network_interface": "eni-04157aa31e95e2ab5",
            "private_dns": "ip-10-0-1-214.ec2.internal",
            "private_ip": "10.0.1.214",
            "public_dns": "ec2-3-81-179-197.compute-1.amazonaws.com",
            "public_ip": "3.81.179.197",
            "public_ipv4_pool": "amazon",
            "tags": {},
            "tags_all": {},
            "timeouts": null,
            "vpc": true
          },
          "sensitive_attributes": [],
          "private": "eyJlMmJmYjczMC1lY2FhLTExZTYtOGY4OC0zNDM2M2JjN2M0YzAiOnsiZGVsZXRlIjoxODAwMDAwMDAwMDAsInJlYWQiOjkwMDAwMDAwMDAwMCwidXBkYXRlIjozMDAwMDAwMDAwMDB9fQ=="
        }
      ]
    },
    {
      "module": "module.networking",
      "mode": "managed",
      "type": "aws_internet_gateway",
      "name": "my_igw",
      "provider": "provider[\"registry.terraform.io/hashicorp/aws\"]",
      "instances": [
        {
          "schema_version": 0,
          "attributes": {
            "arn": "arn:aws:ec2:us-east-1:693866038019:internet-gateway/igw-09ea3ad15b4b85010",
            "id": "igw-09ea3ad15b4b85010",
            "owner_id": "693866038019",
            "tags": {},
            "tags_all": {},
            "timeouts": null,
            "vpc_id": "vpc-0dc9e9c589aba2681"
          },
          "sensitive_attributes": [],
          "private": "eyJlMmJmYjczMC1lY2FhLTExZTYtOGY4OC0zNDM2M2JjN2M0YzAiOnsiY3JlYXRlIjoxMjAwMDAwMDAwMDAwLCJkZWxldGUiOjEyMDAwMDAwMDAwMDAsInVwZGF0ZSI6MTIwMDAwMDAwMDAwMH19",
          "dependencies": [
            "module.networking.aws_vpc.my_vpc"
          ]
        }
      ]
    },
    {
      "module": "module.networking",
      "mode": "managed",
      "type": "aws_nat_gateway",
      "name": "nat_gateway",
      "provider": "provider[\"registry.terraform.io/hashicorp/aws\"]",
      "instances": [
        {
          "schema_version": 0,
          "attributes": {
            "allocation_id": "eipalloc-08bcd16f331b29795",
            "association_id": "eipassoc-098bf03ca17e748b5",
            "connectivity_type": "public",
            "id": "nat-063da1b42d080018d",
            "network_interface_id": "eni-04157aa31e95e2ab5",
            "private_ip": "10.0.1.214",
            "public_ip": "3.81.179.197",
            "subnet_id": "subnet-0eb5711ef1dec2b7b",
            "tags": {},
            "tags_all": {}
          },
          "sensitive_attributes": [],
          "private": "bnVsbA==",
          "dependencies": [
            "module.networking.aws_eip.nat_eip",
            "module.networking.aws_subnet.public_subnet_1",
            "module.networking.aws_vpc.my_vpc"
          ]
        }
      ]
    },
    {
      "module": "module.networking",
      "mode": "managed",
      "type": "aws_route",
      "name": "private_route",
      "provider": "provider[\"registry.terraform.io/hashicorp/aws\"]",
      "instances": [
        {
          "schema_version": 0,
          "attributes": {
            "carrier_gateway_id": "",
            "core_network_arn": "",
            "destination_cidr_block": "0.0.0.0/0",
            "destination_ipv6_cidr_block": "",
            "destination_prefix_list_id": "",
            "egress_only_gateway_id": "",
            "gateway_id": "",
            "id": "r-rtb-06178927e96d24cc21080289494",
            "instance_id": "",
            "instance_owner_id": "",
            "local_gateway_id": "",
            "nat_gateway_id": "nat-063da1b42d080018d",
            "network_interface_id": "",
            "origin": "CreateRoute",
            "route_table_id": "rtb-06178927e96d24cc2",
            "state": "active",
            "timeouts": null,
            "transit_gateway_id": "",
            "vpc_endpoint_id": "",
            "vpc_peering_connection_id": ""
          },
          "sensitive_attributes": [],
          "private": "eyJlMmJmYjczMC1lY2FhLTExZTYtOGY4OC0zNDM2M2JjN2M0YzAiOnsiY3JlYXRlIjozMDAwMDAwMDAwMDAsImRlbGV0ZSI6MzAwMDAwMDAwMDAwLCJ1cGRhdGUiOjEyMDAwMDAwMDAwMH19",
          "dependencies": [
            "module.networking.aws_eip.nat_eip",
            "module.networking.aws_nat_gateway.nat_gateway",
            "module.networking.aws_route_table.private_route_table",
            "module.networking.aws_subnet.public_subnet_1",
            "module.networking.aws_vpc.my_vpc"
          ]
        }
      ]
    },
    {
      "module": "module.networking",
      "mode": "managed",
      "type": "aws_route",
      "name": "public_route",
      "provider": "provider[\"registry.terraform.io/hashicorp/aws\"]",
      "instances": [
        {
          "schema_version": 0,
          "attributes": {
            "carrier_gateway_id": "",
            "core_network_arn": "",
            "destination_cidr_block": "0.0.0.0/0",
            "destination_ipv6_cidr_block": "",
            "destination_prefix_list_id": "",
            "egress_only_gateway_id": "",
            "gateway_id": "igw-09ea3ad15b4b85010",
            "id": "r-rtb-09f03565e8cb4ddf81080289494",
            "instance_id": "",
            "instance_owner_id": "",
            "local_gateway_id": "",
            "nat_gateway_id": "",
            "network_interface_id": "",
            "origin": "CreateRoute",
            "route_table_id": "rtb-09f03565e8cb4ddf8",
            "state": "active",
            "timeouts": null,
            "transit_gateway_id": "",
            "vpc_endpoint_id": "",
            "vpc_peering_connection_id": ""
          },
          "sensitive_attributes": [],
          "private": "eyJlMmJmYjczMC1lY2FhLTExZTYtOGY4OC0zNDM2M2JjN2M0YzAiOnsiY3JlYXRlIjozMDAwMDAwMDAwMDAsImRlbGV0ZSI6MzAwMDAwMDAwMDAwLCJ1cGRhdGUiOjEyMDAwMDAwMDAwMH19",
          "dependencies": [
            "module.networking.aws_internet_gateway.my_igw",
            "module.networking.aws_route_table.public_route_table",
            "module.networking.aws_vpc.my_vpc"
          ]
        }
      ]
    },
    {
      "module": "module.networking",
      "mode": "managed",
      "type": "aws_route_table",
      "name": "private_route_table",
      "provider": "provider[\"registry.terraform.io/hashicorp/aws\"]",
      "instances": [
        {
          "schema_version": 0,
          "attributes": {
            "arn": "arn:aws:ec2:us-east-1:693866038019:route-table/rtb-06178927e96d24cc2",
            "id": "rtb-06178927e96d24cc2",
            "owner_id": "693866038019",
            "propagating_vgws": [],
            "route": [
              {
                "carrier_gateway_id": "",
                "cidr_block": "0.0.0.0/0",
                "core_network_arn": "",
                "destination_prefix_list_id": "",
                "egress_only_gateway_id": "",
                "gateway_id": "",
                "instance_id": "",
                "ipv6_cidr_block": "",
                "local_gateway_id": "",
                "nat_gateway_id": "nat-063da1b42d080018d",
                "network_interface_id": "",
                "transit_gateway_id": "",
                "vpc_endpoint_id": "",
                "vpc_peering_connection_id": ""
              }
            ],
            "tags": {
              "Name": "Udemy private RTB"
            },
            "tags_all": {
              "Name": "Udemy private RTB"
            },
            "timeouts": null,
            "vpc_id": "vpc-0dc9e9c589aba2681"
          },
          "sensitive_attributes": [],
          "private": "eyJlMmJmYjczMC1lY2FhLTExZTYtOGY4OC0zNDM2M2JjN2M0YzAiOnsiY3JlYXRlIjozMDAwMDAwMDAwMDAsImRlbGV0ZSI6MzAwMDAwMDAwMDAwLCJ1cGRhdGUiOjEyMDAwMDAwMDAwMH19",
          "dependencies": [
            "module.networking.aws_vpc.my_vpc"
          ]
        }
      ]
    },
    {
      "module": "module.networking",
      "mode": "managed",
      "type": "aws_route_table",
      "name": "public_route_table",
      "provider": "provider[\"registry.terraform.io/hashicorp/aws\"]",
      "instances": [
        {
          "schema_version": 0,
          "attributes": {
            "arn": "arn:aws:ec2:us-east-1:693866038019:route-table/rtb-09f03565e8cb4ddf8",
            "id": "rtb-09f03565e8cb4ddf8",
            "owner_id": "693866038019",
            "propagating_vgws": [],
            "route": [
              {
                "carrier_gateway_id": "",
                "cidr_block": "0.0.0.0/0",
                "core_network_arn": "",
                "destination_prefix_list_id": "",
                "egress_only_gateway_id": "",
                "gateway_id": "igw-09ea3ad15b4b85010",
                "instance_id": "",
                "ipv6_cidr_block": "",
                "local_gateway_id": "",
                "nat_gateway_id": "",
                "network_interface_id": "",
                "transit_gateway_id": "",
                "vpc_endpoint_id": "",
                "vpc_peering_connection_id": ""
              }
            ],
            "tags": {
              "Name": "Udemy public RTB"
            },
            "tags_all": {
              "Name": "Udemy public RTB"
            },
            "timeouts": null,
            "vpc_id": "vpc-0dc9e9c589aba2681"
          },
          "sensitive_attributes": [],
          "private": "eyJlMmJmYjczMC1lY2FhLTExZTYtOGY4OC0zNDM2M2JjN2M0YzAiOnsiY3JlYXRlIjozMDAwMDAwMDAwMDAsImRlbGV0ZSI6MzAwMDAwMDAwMDAwLCJ1cGRhdGUiOjEyMDAwMDAwMDAwMH19",
          "dependencies": [
            "module.networking.aws_vpc.my_vpc"
          ]
        }
      ]
    },
    {
      "module": "module.networking",
      "mode": "managed",
      "type": "aws_route_table_association",
      "name": "private_subnet_association_1",
      "provider": "provider[\"registry.terraform.io/hashicorp/aws\"]",
      "instances": [
        {
          "schema_version": 0,
          "attributes": {
            "gateway_id": "",
            "id": "rtbassoc-0886ce731fa1305c9",
            "route_table_id": "rtb-06178927e96d24cc2",
            "subnet_id": "subnet-0d26f95ef561b2fac",
            "timeouts": null
          },
          "sensitive_attributes": [],
          "private": "eyJlMmJmYjczMC1lY2FhLTExZTYtOGY4OC0zNDM2M2JjN2M0YzAiOnsiY3JlYXRlIjozMDAwMDAwMDAwMDAsImRlbGV0ZSI6MzAwMDAwMDAwMDAwLCJ1cGRhdGUiOjEyMDAwMDAwMDAwMH19",
          "dependencies": [
            "module.networking.aws_route_table.private_route_table",
            "module.networking.aws_subnet.private_subnet_1",
            "module.networking.aws_vpc.my_vpc"
          ]
        }
      ]
    },
    {
      "module": "module.networking",
      "mode": "managed",
      "type": "aws_route_table_association",
      "name": "private_subnet_association_2",
      "provider": "provider[\"registry.terraform.io/hashicorp/aws\"]",
      "instances": [
        {
          "schema_version": 0,
          "attributes": {
            "gateway_id": "",
            "id": "rtbassoc-028992cc2d1b57c68",
            "route_table_id": "rtb-06178927e96d24cc2",
            "subnet_id": "subnet-02eccdf55bbe26755",
            "timeouts": null
          },
          "sensitive_attributes": [],
          "private": "eyJlMmJmYjczMC1lY2FhLTExZTYtOGY4OC0zNDM2M2JjN2M0YzAiOnsiY3JlYXRlIjozMDAwMDAwMDAwMDAsImRlbGV0ZSI6MzAwMDAwMDAwMDAwLCJ1cGRhdGUiOjEyMDAwMDAwMDAwMH19",
          "dependencies": [
            "module.networking.aws_route_table.private_route_table",
            "module.networking.aws_subnet.private_subnet_2",
            "module.networking.aws_vpc.my_vpc"
          ]
        }
      ]
    },
    {
      "module": "module.networking",
      "mode": "managed",
      "type": "aws_route_table_association",
      "name": "public_subnet_association_1",
      "provider": "provider[\"registry.terraform.io/hashicorp/aws\"]",
      "instances": [
        {
          "schema_version": 0,
          "attributes": {
            "gateway_id": "",
            "id": "rtbassoc-0cd390c374c491942",
            "route_table_id": "rtb-09f03565e8cb4ddf8",
            "subnet_id": "subnet-0eb5711ef1dec2b7b",
            "timeouts": null
          },
          "sensitive_attributes": [],
          "private": "eyJlMmJmYjczMC1lY2FhLTExZTYtOGY4OC0zNDM2M2JjN2M0YzAiOnsiY3JlYXRlIjozMDAwMDAwMDAwMDAsImRlbGV0ZSI6MzAwMDAwMDAwMDAwLCJ1cGRhdGUiOjEyMDAwMDAwMDAwMH19",
          "dependencies": [
            "module.networking.aws_route_table.public_route_table",
            "module.networking.aws_subnet.public_subnet_1",
            "module.networking.aws_vpc.my_vpc"
          ]
        }
      ]
    },
    {
      "module": "module.networking",
      "mode": "managed",
      "type": "aws_route_table_association",
      "name": "public_subnet_association_2",
      "provider": "provider[\"registry.terraform.io/hashicorp/aws\"]",
      "instances": [
        {
          "schema_version": 0,
          "attributes": {
            "gateway_id": "",
            "id": "rtbassoc-0e47e0c70357cdf12",
            "route_table_id": "rtb-09f03565e8cb4ddf8",
            "subnet_id": "subnet-064b0a69b6e427351",
            "timeouts": null
          },
          "sensitive_attributes": [],
          "private": "eyJlMmJmYjczMC1lY2FhLTExZTYtOGY4OC0zNDM2M2JjN2M0YzAiOnsiY3JlYXRlIjozMDAwMDAwMDAwMDAsImRlbGV0ZSI6MzAwMDAwMDAwMDAwLCJ1cGRhdGUiOjEyMDAwMDAwMDAwMH19",
          "dependencies": [
            "module.networking.aws_route_table.public_route_table",
            "module.networking.aws_subnet.public_subnet_2",
            "module.networking.aws_vpc.my_vpc"
          ]
        }
      ]
    },
    {
      "module": "module.networking",
      "mode": "managed",
      "type": "aws_subnet",
      "name": "private_subnet_1",
      "provider": "provider[\"registry.terraform.io/hashicorp/aws\"]",
      "instances": [
        {
          "schema_version": 1,
          "attributes": {
            "arn": "arn:aws:ec2:us-east-1:693866038019:subnet/subnet-0d26f95ef561b2fac",
            "assign_ipv6_address_on_creation": false,
            "availability_zone": "us-east-1a",
            "availability_zone_id": "use1-az2",
            "cidr_block": "10.0.10.0/24",
            "customer_owned_ipv4_pool": "",
            "enable_dns64": false,
            "enable_lni_at_device_index": 0,
            "enable_resource_name_dns_a_record_on_launch": false,
            "enable_resource_name_dns_aaaa_record_on_launch": false,
            "id": "subnet-0d26f95ef561b2fac",
            "ipv6_cidr_block": "",
            "ipv6_cidr_block_association_id": "",
            "ipv6_native": false,
            "map_customer_owned_ip_on_launch": false,
            "map_public_ip_on_launch": false,
            "outpost_arn": "",
            "owner_id": "693866038019",
            "private_dns_hostname_type_on_launch": "ip-name",
            "tags": {
              "Name": "Private Subnet 1"
            },
            "tags_all": {
              "Name": "Private Subnet 1"
            },
            "timeouts": null,
            "vpc_id": "vpc-0dc9e9c589aba2681"
          },
          "sensitive_attributes": [],
          "private": "eyJlMmJmYjczMC1lY2FhLTExZTYtOGY4OC0zNDM2M2JjN2M0YzAiOnsiY3JlYXRlIjo2MDAwMDAwMDAwMDAsImRlbGV0ZSI6MTIwMDAwMDAwMDAwMH0sInNjaGVtYV92ZXJzaW9uIjoiMSJ9",
          "dependencies": [
            "module.networking.aws_vpc.my_vpc"
          ]
        }
      ]
    },
    {
      "module": "module.networking",
      "mode": "managed",
      "type": "aws_subnet",
      "name": "private_subnet_2",
      "provider": "provider[\"registry.terraform.io/hashicorp/aws\"]",
      "instances": [
        {
          "schema_version": 1,
          "attributes": {
            "arn": "arn:aws:ec2:us-east-1:693866038019:subnet/subnet-02eccdf55bbe26755",
            "assign_ipv6_address_on_creation": false,
            "availability_zone": "us-east-1b",
            "availability_zone_id": "use1-az4",
            "cidr_block": "10.0.20.0/24",
            "customer_owned_ipv4_pool": "",
            "enable_dns64": false,
            "enable_lni_at_device_index": 0,
            "enable_resource_name_dns_a_record_on_launch": false,
            "enable_resource_name_dns_aaaa_record_on_launch": false,
            "id": "subnet-02eccdf55bbe26755",
            "ipv6_cidr_block": "",
            "ipv6_cidr_block_association_id": "",
            "ipv6_native": false,
            "map_customer_owned_ip_on_launch": false,
            "map_public_ip_on_launch": false,
            "outpost_arn": "",
            "owner_id": "693866038019",
            "private_dns_hostname_type_on_launch": "ip-name",
            "tags": {
              "Name": "Private Subnet 2"
            },
            "tags_all": {
              "Name": "Private Subnet 2"
            },
            "timeouts": null,
            "vpc_id": "vpc-0dc9e9c589aba2681"
          },
          "sensitive_attributes": [],
          "private": "eyJlMmJmYjczMC1lY2FhLTExZTYtOGY4OC0zNDM2M2JjN2M0YzAiOnsiY3JlYXRlIjo2MDAwMDAwMDAwMDAsImRlbGV0ZSI6MTIwMDAwMDAwMDAwMH0sInNjaGVtYV92ZXJzaW9uIjoiMSJ9",
          "dependencies": [
            "module.networking.aws_vpc.my_vpc"
          ]
        }
      ]
    },
    {
      "module": "module.networking",
      "mode": "managed",
      "type": "aws_subnet",
      "name": "public_subnet_1",
      "provider": "provider[\"registry.terraform.io/hashicorp/aws\"]",
      "instances": [
        {
          "schema_version": 1,
          "attributes": {
            "arn": "arn:aws:ec2:us-east-1:693866038019:subnet/subnet-0eb5711ef1dec2b7b",
            "assign_ipv6_address_on_creation": false,
            "availability_zone": "us-east-1a",
            "availability_zone_id": "use1-az2",
            "cidr_block": "10.0.1.0/24",
            "customer_owned_ipv4_pool": "",
            "enable_dns64": false,
            "enable_lni_at_device_index": 0,
            "enable_resource_name_dns_a_record_on_launch": false,
            "enable_resource_name_dns_aaaa_record_on_launch": false,
            "id": "subnet-0eb5711ef1dec2b7b",
            "ipv6_cidr_block": "",
            "ipv6_cidr_block_association_id": "",
            "ipv6_native": false,
            "map_customer_owned_ip_on_launch": false,
            "map_public_ip_on_launch": false,
            "outpost_arn": "",
            "owner_id": "693866038019",
            "private_dns_hostname_type_on_launch": "ip-name",
            "tags": {
              "Name": "Public Subnet 1"
            },
            "tags_all": {
              "Name": "Public Subnet 1"
            },
            "timeouts": null,
            "vpc_id": "vpc-0dc9e9c589aba2681"
          },
          "sensitive_attributes": [],
          "private": "eyJlMmJmYjczMC1lY2FhLTExZTYtOGY4OC0zNDM2M2JjN2M0YzAiOnsiY3JlYXRlIjo2MDAwMDAwMDAwMDAsImRlbGV0ZSI6MTIwMDAwMDAwMDAwMH0sInNjaGVtYV92ZXJzaW9uIjoiMSJ9",
          "dependencies": [
            "module.networking.aws_vpc.my_vpc"
          ]
        }
      ]
    },
    {
      "module": "module.networking",
      "mode": "managed",
      "type": "aws_subnet",
      "name": "public_subnet_2",
      "provider": "provider[\"registry.terraform.io/hashicorp/aws\"]",
      "instances": [
        {
          "schema_version": 1,
          "attributes": {
            "arn": "arn:aws:ec2:us-east-1:693866038019:subnet/subnet-064b0a69b6e427351",
            "assign_ipv6_address_on_creation": false,
            "availability_zone": "us-east-1b",
            "availability_zone_id": "use1-az4",
            "cidr_block": "10.0.2.0/24",
            "customer_owned_ipv4_pool": "",
            "enable_dns64": false,
            "enable_lni_at_device_index": 0,
            "enable_resource_name_dns_a_record_on_launch": false,
            "enable_resource_name_dns_aaaa_record_on_launch": false,
            "id": "subnet-064b0a69b6e427351",
            "ipv6_cidr_block": "",
            "ipv6_cidr_block_association_id": "",
            "ipv6_native": false,
            "map_customer_owned_ip_on_launch": false,
            "map_public_ip_on_launch": false,
            "outpost_arn": "",
            "owner_id": "693866038019",
            "private_dns_hostname_type_on_launch": "ip-name",
            "tags": {
              "Name": "Public Subnet 2"
            },
            "tags_all": {
              "Name": "Public Subnet 2"
            },
            "timeouts": null,
            "vpc_id": "vpc-0dc9e9c589aba2681"
          },
          "sensitive_attributes": [],
          "private": "eyJlMmJmYjczMC1lY2FhLTExZTYtOGY4OC0zNDM2M2JjN2M0YzAiOnsiY3JlYXRlIjo2MDAwMDAwMDAwMDAsImRlbGV0ZSI6MTIwMDAwMDAwMDAwMH0sInNjaGVtYV92ZXJzaW9uIjoiMSJ9",
          "dependencies": [
            "module.networking.aws_vpc.my_vpc"
          ]
        }
      ]
    },
    {
      "module": "module.networking",
      "mode": "managed",
      "type": "aws_vpc",
      "name": "my_vpc",
      "provider": "provider[\"registry.terraform.io/hashicorp/aws\"]",
      "instances": [
        {
          "schema_version": 1,
          "attributes": {
            "arn": "arn:aws:ec2:us-east-1:693866038019:vpc/vpc-0dc9e9c589aba2681",
            "assign_generated_ipv6_cidr_block": false,
            "cidr_block": "10.0.0.0/16",
            "default_network_acl_id": "acl-09e4f992da2790a7e",
            "default_route_table_id": "rtb-07f55fad097bf21ce",
            "default_security_group_id": "sg-0939b3b251fac1c18",
            "dhcp_options_id": "dopt-53033b29",
            "enable_classiclink": false,
            "enable_classiclink_dns_support": false,
            "enable_dns_hostnames": true,
            "enable_dns_support": true,
            "enable_network_address_usage_metrics": false,
            "id": "vpc-0dc9e9c589aba2681",
            "instance_tenancy": "default",
            "ipv4_ipam_pool_id": null,
            "ipv4_netmask_length": null,
            "ipv6_association_id": "",
            "ipv6_cidr_block": "",
            "ipv6_cidr_block_network_border_group": "",
            "ipv6_ipam_pool_id": "",
            "ipv6_netmask_length": 0,
            "main_route_table_id": "rtb-07f55fad097bf21ce",
            "owner_id": "693866038019",
            "tags": {
              "Name": "Udemy demo vpc"
            },
            "tags_all": {
              "Name": "Udemy demo vpc"
            }
          },
          "sensitive_attributes": [],
          "private": "eyJzY2hlbWFfdmVyc2lvbiI6IjEifQ=="
        }
      ]
    },
    {
      "module": "module.security",
      "mode": "managed",
      "type": "aws_security_group",
      "name": "udemy_demo_private_sg",
      "provider": "provider[\"registry.terraform.io/hashicorp/aws\"]",
      "instances": [
        {
          "schema_version": 1,
          "attributes": {
            "arn": "arn:aws:ec2:us-east-1:693866038019:security-group/sg-043b0ef6651eb18d1",
            "description": "Managed by Terraform",
            "egress": [
              {
                "cidr_blocks": [
                  "0.0.0.0/0"
                ],
                "description": "",
                "from_port": 0,
                "ipv6_cidr_blocks": [],
                "prefix_list_ids": [],
                "protocol": "-1",
                "security_groups": [],
                "self": false,
                "to_port": 0
              }
            ],
            "id": "sg-043b0ef6651eb18d1",
            "ingress": [
              {
                "cidr_blocks": [],
                "description": "",
                "from_port": 3306,
                "ipv6_cidr_blocks": [],
                "prefix_list_ids": [],
                "protocol": "tcp",
                "security_groups": [
                  "sg-0cbfc63b58e7d20b7"
                ],
                "self": false,
                "to_port": 3306
              },
              {
                "cidr_blocks": [],
                "description": "",
                "from_port": 80,
                "ipv6_cidr_blocks": [],
                "prefix_list_ids": [],
                "protocol": "tcp",
                "security_groups": [
                  "sg-0cbfc63b58e7d20b7"
                ],
                "self": false,
                "to_port": 80
              }
            ],
            "name": "udemy_demo_private_sg",
            "name_prefix": "",
            "owner_id": "693866038019",
            "revoke_rules_on_delete": false,
            "tags": {
              "Name": "udemy_demo_private_sg"
            },
            "tags_all": {
              "Name": "udemy_demo_private_sg"
            },
            "timeouts": null,
            "vpc_id": "vpc-0dc9e9c589aba2681"
          },
          "sensitive_attributes": [],
          "private": "eyJlMmJmYjczMC1lY2FhLTExZTYtOGY4OC0zNDM2M2JjN2M0YzAiOnsiY3JlYXRlIjo2MDAwMDAwMDAwMDAsImRlbGV0ZSI6OTAwMDAwMDAwMDAwfSwic2NoZW1hX3ZlcnNpb24iOiIxIn0=",
          "dependencies": [
            "module.networking.aws_vpc.my_vpc",
            "module.security.aws_security_group.udemy_demo_public_sg"
          ]
        }
      ]
    },
    {
      "module": "module.security",
      "mode": "managed",
      "type": "aws_security_group",
      "name": "udemy_demo_public_sg",
      "provider": "provider[\"registry.terraform.io/hashicorp/aws\"]",
      "instances": [
        {
          "schema_version": 1,
          "attributes": {
            "arn": "arn:aws:ec2:us-east-1:693866038019:security-group/sg-0cbfc63b58e7d20b7",
            "description": "Managed by Terraform",
            "egress": [
              {
                "cidr_blocks": [
                  "0.0.0.0/0"
                ],
                "description": "",
                "from_port": 0,
                "ipv6_cidr_blocks": [],
                "prefix_list_ids": [],
                "protocol": "-1",
                "security_groups": [],
                "self": false,
                "to_port": 0
              }
            ],
            "id": "sg-0cbfc63b58e7d20b7",
            "ingress": [
              {
                "cidr_blocks": [
                  "0.0.0.0/0"
                ],
                "description": "",
                "from_port": 22,
                "ipv6_cidr_blocks": [],
                "prefix_list_ids": [],
                "protocol": "tcp",
                "security_groups": [],
                "self": false,
                "to_port": 22
              },
              {
                "cidr_blocks": [
                  "0.0.0.0/0"
                ],
                "description": "",
                "from_port": 443,
                "ipv6_cidr_blocks": [],
                "prefix_list_ids": [],
                "protocol": "tcp",
                "security_groups": [],
                "self": false,
                "to_port": 443
              },
              {
                "cidr_blocks": [
                  "0.0.0.0/0"
                ],
                "description": "",
                "from_port": 80,
                "ipv6_cidr_blocks": [],
                "prefix_list_ids": [],
                "protocol": "tcp",
                "security_groups": [],
                "self": false,
                "to_port": 80
              }
            ],
            "name": "udemy_demo_public_sg",
            "name_prefix": "",
            "owner_id": "693866038019",
            "revoke_rules_on_delete": false,
            "tags": {
              "Name": "udemy_demo_public_sg"
            },
            "tags_all": {
              "Name": "udemy_demo_public_sg"
            },
            "timeouts": null,
            "vpc_id": "vpc-0dc9e9c589aba2681"
          },
          "sensitive_attributes": [],
          "private": "eyJlMmJmYjczMC1lY2FhLTExZTYtOGY4OC0zNDM2M2JjN2M0YzAiOnsiY3JlYXRlIjo2MDAwMDAwMDAwMDAsImRlbGV0ZSI6OTAwMDAwMDAwMDAwfSwic2NoZW1hX3ZlcnNpb24iOiIxIn0=",
          "dependencies": [
            "module.networking.aws_vpc.my_vpc"
          ]
        }
      ]
    }
  ],
  "check_results": null
}
